<?xml version="1.0" encoding="utf-8"?>
<Project ToolsVersion="4.0" xmlns="http://schemas.microsoft.com/developer/msbuild/2003">
  <ItemGroup>
    <Filter Include="Source Files">
      <UniqueIdentifier>{b9058b90-30b5-4f06-8a06-4dd5c022ea51}</UniqueIdentifier>
      <Extensions>cpp</Extensions>
    </Filter>
    <Filter Include="Header Files">
      <UniqueIdentifier>{51c69451-421f-4f79-93f4-d2d281f34b2d}</UniqueIdentifier>
      <Extensions>h</Extensions>
    </Filter>
    <Filter Include="Miscellaneous Files">
      <UniqueIdentifier>{d6c36432-5e89-4b70-a204-d3a8f9ced49d}</UniqueIdentifier>
      <Extensions>txt</Extensions>
    </Filter>
  </ItemGroup>
  <ItemGroup>
    <None Include="ReadMe.txt">
      <Filter>Miscellaneous Files</Filter>
    </None>
    <None Include="Options.txt">
      <Filter>Miscellaneous Files</Filter>
    </None>
  </ItemGroup>
  <ItemGroup>
    <ClCompile Include="Transform.cpp">
      <Filter>Source Files</Filter>
    </ClCompile>
    <ClCompile Include="implicitSkinningCmds.cpp">
      <Filter>Source Files</Filter>
    </ClCompile>
    <ClCompile Include="mayaSceneParser.cpp">
      <Filter>Source Files</Filter>
    </ClCompile>
    <ClCompile Include="sceneData.cpp">
      <Filter>Source Files</Filter>
    </ClCompile>
    <ClCompile Include="jointData.cpp">
      <Filter>Source Files</Filter>
    </ClCompile>
  </ItemGroup>
  <ItemGroup>
    <ClInclude Include="common.h">
      <Filter>Header Files</Filter>
    </ClInclude>
    <ClInclude Include="transform.h">
      <Filter>Header Files</Filter>
    </ClInclude>
    <ClInclude Include="mayaSceneParser.h">
      <Filter>Header Files</Filter>
    </ClInclude>
    <ClInclude Include="jointData.h">
      <Filter>Header Files</Filter>
    </ClInclude>
    <ClInclude Include="sceneData.h">
      <Filter>Header Files</Filter>
    </ClInclude>
    <ClInclude Include="meshData.h">
      <Filter>Header Files</Filter>
    </ClInclude>
    <ClInclude Include="vector.h">
      <Filter>Header Files</Filter>
    </ClInclude>
    <ClInclude Include="localCoord.h">
      <Filter>Header Files</Filter>
    </ClInclude>
  </ItemGroup>
</Project>